{
  "name": "ky_bug",
  "version": "1.0.0",
  "lockfileVersion": 3,
  "requires": true,
  "packages": {
    "": {
      "name": "ky_bug",
      "version": "1.0.0",
      "license": "ISC",
      "dependencies": {
        "ky": "^1.14.0"
      }
    },
    "node_modules/ky": {
      "version": "1.14.0",
      "resolved": "https://registry.npmjs.org/ky/-/ky-1.14.0.tgz",
      "integrity": "sha512-Rczb6FMM6JT0lvrOlP5WUOCB7s9XKxzwgErzhKlKde1bEV90FXplV1o87fpt4PU/asJFiqjYJxAJyzJhcrxOsQ==",
      "license": "MIT",
      "engines": {
        "node": ">=18"
      },
      "funding": {
        "url": "https://github.com/sindresorhus/ky?sponsor=1"
      }
    }
  }
}
